
Microsoft Visual Studio Solution File, Format Version 12.00
Project("{FAE04EC0-301F-11D3-BF4B-00C04F79EFBC}") = "AdministrationPlat", "AdministrationPlat\AdministrationPlat.csproj", "{D0CE0397-45BB-4B77-B7A4-3B2E901C284B}"
EndProject
Global
	GlobalSection(SolutionConfigurationPlatforms) = preSolution
		Debug|Any CPU = Debug|Any CPU
		Release|Any CPU = Release|Any CPU
	EndGlobalSection
	GlobalSection(ProjectConfigurationPlatforms) = postSolution
		{D0CE0397-45BB-4B77-B7A4-3B2E901C284B}.Debug|Any CPU.ActiveCfg = Debug|Any CPU
		{D0CE0397-45BB-4B77-B7A4-3B2E901C284B}.Debug|Any CPU.Build.0 = Debug|Any CPU
		{D0CE0397-45BB-4B77-B7A4-3B2E901C284B}.Release|Any CPU.ActiveCfg = Release|Any CPU
		{D0CE0397-45BB-4B77-B7A4-3B2E901C284B}.Release|Any CPU.Build.0 = Release|Any CPU
	EndGlobalSection
EndGlobal
